
Microsoft Visual Studio Solution File, Format Version 12.00
# Visual Studio 2012
Project("{911E67C6-3D85-4FCE-B560-20A9C3E3FF48}") = "lab5", "lab5.exe", "{CFD17AB6-028E-46DF-9B43-5F30C6715CC6}"
	ProjectSection(DebuggerProjectSystem) = preProject
		PortSupplier = 00000000-0000-0000-0000-000000000000
		Executable = D:\study\ISP\lab5\lab5.exe
		RemoteMachine = ANTONID-LAPTOP
		StartingDirectory = D:\study\ISP\lab5
		Environment = Default
		LaunchingEngine = 00000000-0000-0000-0000-000000000000
		LaunchSQLEngine = No
		AttachLaunchAction = No
	EndProjectSection
EndProject
Global
	GlobalSection(SolutionConfigurationPlatforms) = preSolution
		Debug|Any CPU = Debug|Any CPU
	EndGlobalSection
	GlobalSection(ProjectConfigurationPlatforms) = postSolution
		{CFD17AB6-028E-46DF-9B43-5F30C6715CC6}.Debug|Any CPU.ActiveCfg = Debug|Any CPU
	EndGlobalSection
	GlobalSection(SolutionProperties) = preSolution
		HideSolutionNode = FALSE
	EndGlobalSection
EndGlobal
